
Microsoft Visual Studio Solution File, Format Version 12.00
# Visual Studio 15
VisualStudioVersion = 15.0.27004.2006
MinimumVisualStudioVersion = 10.0.40219.1
Project("{FAE04EC0-301F-11D3-BF4B-00C04F79EFBC}") = "OOPZ", "OOPZ\OOPZ.csproj", "{2EBD5FB8-B464-4F4A-9D0E-115E234D5337}"
EndProject
Global
	GlobalSection(SolutionConfigurationPlatforms) = preSolution
		Debug|Any CPU = Debug|Any CPU
		Release|Any CPU = Release|Any CPU
	EndGlobalSection
	GlobalSection(ProjectConfigurationPlatforms) = postSolution
		{2EBD5FB8-B464-4F4A-9D0E-115E234D5337}.Debug|Any CPU.ActiveCfg = Debug|Any CPU
		{2EBD5FB8-B464-4F4A-9D0E-115E234D5337}.Debug|Any CPU.Build.0 = Debug|Any CPU
		{2EBD5FB8-B464-4F4A-9D0E-115E234D5337}.Release|Any CPU.ActiveCfg = Release|Any CPU
		{2EBD5FB8-B464-4F4A-9D0E-115E234D5337}.Release|Any CPU.Build.0 = Release|Any CPU
	EndGlobalSection
	GlobalSection(SolutionProperties) = preSolution
		HideSolutionNode = FALSE
	EndGlobalSection
	GlobalSection(ExtensibilityGlobals) = postSolution
		SolutionGuid = {99E58826-5DCB-43F9-9E90-1E354D0689C0}
	EndGlobalSection
EndGlobal
